
Microsoft Visual Studio Solution File, Format Version 12.00
# Visual Studio Version 16
VisualStudioVersion = 16.0.28922.388
MinimumVisualStudioVersion = 10.0.40219.1
Project("{FAE04EC0-301F-11D3-BF4B-00C04F79EFBC}") = "PasswordGenerator", "PasswordGenerator\PasswordGenerator.csproj", "{4D23A1C3-229B-4617-B4E3-1BE1F907CC44}"
EndProject
Global
	GlobalSection(SolutionConfigurationPlatforms) = preSolution
		Debug|Any CPU = Debug|Any CPU
		Release|Any CPU = Release|Any CPU
	EndGlobalSection
	GlobalSection(ProjectConfigurationPlatforms) = postSolution
		{4D23A1C3-229B-4617-B4E3-1BE1F907CC44}.Debug|Any CPU.ActiveCfg = Debug|Any CPU
		{4D23A1C3-229B-4617-B4E3-1BE1F907CC44}.Debug|Any CPU.Build.0 = Debug|Any CPU
		{4D23A1C3-229B-4617-B4E3-1BE1F907CC44}.Release|Any CPU.ActiveCfg = Release|Any CPU
		{4D23A1C3-229B-4617-B4E3-1BE1F907CC44}.Release|Any CPU.Build.0 = Release|Any CPU
	EndGlobalSection
	GlobalSection(SolutionProperties) = preSolution
		HideSolutionNode = FALSE
	EndGlobalSection
	GlobalSection(ExtensibilityGlobals) = postSolution
		SolutionGuid = {6A4EECBB-2E74-4317-BAD3-E352452893E1}
	EndGlobalSection
EndGlobal
